
Microsoft Visual Studio Solution File, Format Version 12.00
# Visual Studio Version 17
VisualStudioVersion = 17.11.35303.130
MinimumVisualStudioVersion = 10.0.40219.1
Project("{FAE04EC0-301F-11D3-BF4B-00C04F79EFBC}") = "MyFig2XML", "MyFig2XML\MyFig2XML.csproj", "{4A12AD55-9A04-4A4B-96F8-A56AE7CBDA77}"
EndProject
Global
	GlobalSection(SolutionConfigurationPlatforms) = preSolution
		Debug|Any CPU = Debug|Any CPU
		Release|Any CPU = Release|Any CPU
	EndGlobalSection
	GlobalSection(ProjectConfigurationPlatforms) = postSolution
		{4A12AD55-9A04-4A4B-96F8-A56AE7CBDA77}.Debug|Any CPU.ActiveCfg = Debug|Any CPU
		{4A12AD55-9A04-4A4B-96F8-A56AE7CBDA77}.Debug|Any CPU.Build.0 = Debug|Any CPU
		{4A12AD55-9A04-4A4B-96F8-A56AE7CBDA77}.Release|Any CPU.ActiveCfg = Release|Any CPU
		{4A12AD55-9A04-4A4B-96F8-A56AE7CBDA77}.Release|Any CPU.Build.0 = Release|Any CPU
	EndGlobalSection
	GlobalSection(SolutionProperties) = preSolution
		HideSolutionNode = FALSE
	EndGlobalSection
	GlobalSection(ExtensibilityGlobals) = postSolution
		SolutionGuid = {069E7E51-6A1F-4A65-8D77-83AD1D91D0AE}
	EndGlobalSection
EndGlobal
